
Microsoft Visual Studio Solution File, Format Version 12.00
# Visual Studio Version 16
VisualStudioVersion = 16.0.33529.622
MinimumVisualStudioVersion = 10.0.40219.1
Project("{FAE04EC0-301F-11D3-BF4B-00C04F79EFBC}") = "PetSitterService", "PetSitterService.csproj", "{788481C3-92B2-4318-957F-771209471128}"
EndProject
Project("{FAE04EC0-301F-11D3-BF4B-00C04F79EFBC}") = "PetSitterService.Models", "..\PetSitterService.Models\PetSitterService.Models.csproj", "{655EA5CA-E8D1-4409-91F1-5225D2DC7BA9}"
EndProject
Global
	GlobalSection(SolutionConfigurationPlatforms) = preSolution
		Debug|Any CPU = Debug|Any CPU
		Release|Any CPU = Release|Any CPU
	EndGlobalSection
	GlobalSection(ProjectConfigurationPlatforms) = postSolution
		{788481C3-92B2-4318-957F-771209471128}.Debug|Any CPU.ActiveCfg = Debug|Any CPU
		{788481C3-92B2-4318-957F-771209471128}.Debug|Any CPU.Build.0 = Debug|Any CPU
		{788481C3-92B2-4318-957F-771209471128}.Release|Any CPU.ActiveCfg = Release|Any CPU
		{788481C3-92B2-4318-957F-771209471128}.Release|Any CPU.Build.0 = Release|Any CPU
		{655EA5CA-E8D1-4409-91F1-5225D2DC7BA9}.Debug|Any CPU.ActiveCfg = Debug|Any CPU
		{655EA5CA-E8D1-4409-91F1-5225D2DC7BA9}.Debug|Any CPU.Build.0 = Debug|Any CPU
		{655EA5CA-E8D1-4409-91F1-5225D2DC7BA9}.Release|Any CPU.ActiveCfg = Release|Any CPU
		{655EA5CA-E8D1-4409-91F1-5225D2DC7BA9}.Release|Any CPU.Build.0 = Release|Any CPU
	EndGlobalSection
	GlobalSection(SolutionProperties) = preSolution
		HideSolutionNode = FALSE
	EndGlobalSection
	GlobalSection(ExtensibilityGlobals) = postSolution
		SolutionGuid = {D7145C73-4B27-4B30-92A1-155AFA65AF2A}
	EndGlobalSection
EndGlobal
